// !$*UTF8*$!
{
	archiveVersion = 1;
	classes = {
	};
	objectVersion = 55;
	objects = {

/* Begin PBXBuildFile section */
		B222CF7328BE044000F54E97 /* SwiftUITutorialApp.swift in Sources */ = {isa = PBXBuildFile; fileRef = B222CF7228BE044000F54E97 /* SwiftUITutorialApp.swift */; };
		B222CF7528BE044000F54E97 /* ContentView.swift in Sources */ = {isa = PBXBuildFile; fileRef = B222CF7428BE044000F54E97 /* ContentView.swift */; };
		B222CF7728BE044100F54E97 /* Assets.xcassets in Resources */ = {isa = PBXBuildFile; fileRef = B222CF7628BE044100F54E97 /* Assets.xcassets */; };
		B222CF7A28BE044100F54E97 /* Preview Assets.xcassets in Resources */ = {isa = PBXBuildFile; fileRef = B222CF7928BE044100F54E97 /* Preview Assets.xcassets */; };
		B222CF8428BE044100F54E97 /* SwiftUITutorialTests.swift in Sources */ = {isa = PBXBuildFile; fileRef = B222CF8328BE044100F54E97 /* SwiftUITutorialTests.swift */; };
		B222CF8E28BE044100F54E97 /* SwiftUITutorialUITests.swift in Sources */ = {isa = PBXBuildFile; fileRef = B222CF8D28BE044100F54E97 /* SwiftUITutorialUITests.swift */; };
		B222CF9028BE044100F54E97 /* SwiftUITutorialUITestsLaunchTests.swift in Sources */ = {isa = PBXBuildFile; fileRef = B222CF8F28BE044100F54E97 /* SwiftUITutorialUITestsLaunchTests.swift */; };
		B279864D2C803D3200BA1BB5 /* CounterFeature.swift in Sources */ = {isa = PBXBuildFile; fileRef = B279864C2C803D3200BA1BB5 /* CounterFeature.swift */; };
		B27986502C80408400BA1BB5 /* ComposableArchitecture in Frameworks */ = {isa = PBXBuildFile; productRef = B279864F2C80408400BA1BB5 /* ComposableArchitecture */; };
		B2DEC5A02C869EF0000A21CF /* CounterFeatureTests.swift in Sources */ = {isa = PBXBuildFile; fileRef = B2DEC59F2C869EF0000A21CF /* CounterFeatureTests.swift */; };
		B2DEC5E62C885F94000A21CF /* NumberFactClient.swift in Sources */ = {isa = PBXBuildFile; fileRef = B2DEC5E52C885F94000A21CF /* NumberFactClient.swift */; };
		B2DEC5E82C8950FE000A21CF /* AppFeature.swift in Sources */ = {isa = PBXBuildFile; fileRef = B2DEC5E72C8950FE000A21CF /* AppFeature.swift */; };
		B2DEC5EA2C8953F1000A21CF /* AppFeatureTests.swift in Sources */ = {isa = PBXBuildFile; fileRef = B2DEC5E92C8953F1000A21CF /* AppFeatureTests.swift */; };
		B2DEC5EC2C8ADCAA000A21CF /* ContactsFeature.swift in Sources */ = {isa = PBXBuildFile; fileRef = B2DEC5EB2C8ADCAA000A21CF /* ContactsFeature.swift */; };
		B2DEC5EE2C8AF44B000A21CF /* addContactFeature.swift in Sources */ = {isa = PBXBuildFile; fileRef = B2DEC5ED2C8AF44B000A21CF /* addContactFeature.swift */; };
/* End PBXBuildFile section */

/* Begin PBXContainerItemProxy section */
		B222CF8028BE044100F54E97 /* PBXContainerItemProxy */ = {
			isa = PBXContainerItemProxy;
			containerPortal = B222CF6728BE044000F54E97 /* Project object */;
			proxyType = 1;
			remoteGlobalIDString = B222CF6E28BE044000F54E97;
			remoteInfo = SwiftUITutorial;
		};
		B222CF8A28BE044100F54E97 /* PBXContainerItemProxy */ = {
			isa = PBXContainerItemProxy;
			containerPortal = B222CF6728BE044000F54E97 /* Project object */;
			proxyType = 1;
			remoteGlobalIDString = B222CF6E28BE044000F54E97;
			remoteInfo = SwiftUITutorial;
		};
/* End PBXContainerItemProxy section */

/* Begin PBXFileReference section */
		B222CF6F28BE044000F54E97 /* SwiftUITutorial.app */ = {isa = PBXFileReference; explicitFileType = wrapper.application; includeInIndex = 0; path = SwiftUITutorial.app; sourceTree = BUILT_PRODUCTS_DIR; };
		B222CF7228BE044000F54E97 /* SwiftUITutorialApp.swift */ = {isa = PBXFileReference; lastKnownFileType = sourcecode.swift; path = SwiftUITutorialApp.swift; sourceTree = "<group>"; };
		B222CF7428BE044000F54E97 /* ContentView.swift */ = {isa = PBXFileReference; lastKnownFileType = sourcecode.swift; path = ContentView.swift; sourceTree = "<group>"; };
		B222CF7628BE044100F54E97 /* Assets.xcassets */ = {isa = PBXFileReference; lastKnownFileType = folder.assetcatalog; path = Assets.xcassets; sourceTree = "<group>"; };
		B222CF7928BE044100F54E97 /* Preview Assets.xcassets */ = {isa = PBXFileReference; lastKnownFileType = folder.assetcatalog; path = "Preview Assets.xcassets"; sourceTree = "<group>"; };
		B222CF7F28BE044100F54E97 /* SwiftUITutorialTests.xctest */ = {isa = PBXFileReference; explicitFileType = wrapper.cfbundle; includeInIndex = 0; path = SwiftUITutorialTests.xctest; sourceTree = BUILT_PRODUCTS_DIR; };
		B222CF8328BE044100F54E97 /* SwiftUITutorialTests.swift */ = {isa = PBXFileReference; lastKnownFileType = sourcecode.swift; path = SwiftUITutorialTests.swift; sourceTree = "<group>"; };
		B222CF8928BE044100F54E97 /* SwiftUITutorialUITests.xctest */ = {isa = PBXFileReference; explicitFileType = wrapper.cfbundle; includeInIndex = 0; path = SwiftUITutorialUITests.xctest; sourceTree = BUILT_PRODUCTS_DIR; };
		B222CF8D28BE044100F54E97 /* SwiftUITutorialUITests.swift */ = {isa = PBXFileReference; lastKnownFileType = sourcecode.swift; path = SwiftUITutorialUITests.swift; sourceTree = "<group>"; };
		B222CF8F28BE044100F54E97 /* SwiftUITutorialUITestsLaunchTests.swift */ = {isa = PBXFileReference; lastKnownFileType = sourcecode.swift; path = SwiftUITutorialUITestsLaunchTests.swift; sourceTree = "<group>"; };
		B279864C2C803D3200BA1BB5 /* CounterFeature.swift */ = {isa = PBXFileReference; lastKnownFileType = sourcecode.swift; path = CounterFeature.swift; sourceTree = "<group>"; };
		B2DEC59D2C857D7D000A21CF /* Info.plist */ = {isa = PBXFileReference; lastKnownFileType = text.plist; path = Info.plist; sourceTree = "<group>"; };
		B2DEC59F2C869EF0000A21CF /* CounterFeatureTests.swift */ = {isa = PBXFileReference; lastKnownFileType = sourcecode.swift; path = CounterFeatureTests.swift; sourceTree = "<group>"; };
		B2DEC5E52C885F94000A21CF /* NumberFactClient.swift */ = {isa = PBXFileReference; lastKnownFileType = sourcecode.swift; path = NumberFactClient.swift; sourceTree = "<group>"; };
		B2DEC5E72C8950FE000A21CF /* AppFeature.swift */ = {isa = PBXFileReference; lastKnownFileType = sourcecode.swift; path = AppFeature.swift; sourceTree = "<group>"; };
		B2DEC5E92C8953F1000A21CF /* AppFeatureTests.swift */ = {isa = PBXFileReference; lastKnownFileType = sourcecode.swift; path = AppFeatureTests.swift; sourceTree = "<group>"; };
		B2DEC5EB2C8ADCAA000A21CF /* ContactsFeature.swift */ = {isa = PBXFileReference; lastKnownFileType = sourcecode.swift; path = ContactsFeature.swift; sourceTree = "<group>"; };
		B2DEC5ED2C8AF44B000A21CF /* addContactFeature.swift */ = {isa = PBXFileReference; lastKnownFileType = sourcecode.swift; path = addContactFeature.swift; sourceTree = "<group>"; };
/* End PBXFileReference section */

/* Begin PBXFrameworksBuildPhase section */
		B222CF6C28BE044000F54E97 /* Frameworks */ = {
			isa = PBXFrameworksBuildPhase;
			buildActionMask = 2147483647;
			files = (
				B27986502C80408400BA1BB5 /* ComposableArchitecture in Frameworks */,
			);
			runOnlyForDeploymentPostprocessing = 0;
		};
		B222CF7C28BE044100F54E97 /* Frameworks */ = {
			isa = PBXFrameworksBuildPhase;
			buildActionMask = 2147483647;
			files = (
			);
			runOnlyForDeploymentPostprocessing = 0;
		};
		B222CF8628BE044100F54E97 /* Frameworks */ = {
			isa = PBXFrameworksBuildPhase;
			buildActionMask = 2147483647;
			files = (
			);
			runOnlyForDeploymentPostprocessing = 0;
		};
/* End PBXFrameworksBuildPhase section */

/* Begin PBXGroup section */
		B222CF6628BE044000F54E97 = {
			isa = PBXGroup;
			children = (
				B2DEC59E2C869EC2000A21CF /* TCATutorialTest */,
				B222CF7128BE044000F54E97 /* SwiftUITutorial */,
				B222CF8228BE044100F54E97 /* SwiftUITutorialTests */,
				B222CF8C28BE044100F54E97 /* SwiftUITutorialUITests */,
				B222CF7028BE044000F54E97 /* Products */,
				B27986512C8040D900BA1BB5 /* Frameworks */,
			);
			sourceTree = "<group>";
		};
		B222CF7028BE044000F54E97 /* Products */ = {
			isa = PBXGroup;
			children = (
				B222CF6F28BE044000F54E97 /* SwiftUITutorial.app */,
				B222CF7F28BE044100F54E97 /* SwiftUITutorialTests.xctest */,
				B222CF8928BE044100F54E97 /* SwiftUITutorialUITests.xctest */,
			);
			name = Products;
			sourceTree = "<group>";
		};
		B222CF7128BE044000F54E97 /* SwiftUITutorial */ = {
			isa = PBXGroup;
			children = (
				B2DEC59D2C857D7D000A21CF /* Info.plist */,
				B222CF7228BE044000F54E97 /* SwiftUITutorialApp.swift */,
				B222CF7428BE044000F54E97 /* ContentView.swift */,
				B2DEC5E72C8950FE000A21CF /* AppFeature.swift */,
				B2DEC5EB2C8ADCAA000A21CF /* ContactsFeature.swift */,
				B2DEC5ED2C8AF44B000A21CF /* addContactFeature.swift */,
				B279864C2C803D3200BA1BB5 /* CounterFeature.swift */,
				B2DEC5E52C885F94000A21CF /* NumberFactClient.swift */,
				B222CF7628BE044100F54E97 /* Assets.xcassets */,
				B222CF7828BE044100F54E97 /* Preview Content */,
			);
			path = SwiftUITutorial;
			sourceTree = "<group>";
		};
		B222CF7828BE044100F54E97 /* Preview Content */ = {
			isa = PBXGroup;
			children = (
				B222CF7928BE044100F54E97 /* Preview Assets.xcassets */,
			);
			path = "Preview Content";
			sourceTree = "<group>";
		};
		B222CF8228BE044100F54E97 /* SwiftUITutorialTests */ = {
			isa = PBXGroup;
			children = (
				B222CF8328BE044100F54E97 /* SwiftUITutorialTests.swift */,
			);
			path = SwiftUITutorialTests;
			sourceTree = "<group>";
		};
		B222CF8C28BE044100F54E97 /* SwiftUITutorialUITests */ = {
			isa = PBXGroup;
			children = (
				B222CF8D28BE044100F54E97 /* SwiftUITutorialUITests.swift */,
				B222CF8F28BE044100F54E97 /* SwiftUITutorialUITestsLaunchTests.swift */,
			);
			path = SwiftUITutorialUITests;
			sourceTree = "<group>";
		};
		B27986512C8040D900BA1BB5 /* Frameworks */ = {
			isa = PBXGroup;
			children = (
			);
			name = Frameworks;
			sourceTree = "<group>";
		};
		B2DEC59E2C869EC2000A21CF /* TCATutorialTest */ = {
			isa = PBXGroup;
			children = (
				B2DEC59F2C869EF0000A21CF /* CounterFeatureTests.swift */,
				B2DEC5E92C8953F1000A21CF /* AppFeatureTests.swift */,
			);
			path = TCATutorialTest;
			sourceTree = "<group>";
		};
/* End PBXGroup section */

/* Begin PBXNativeTarget section */
		B222CF6E28BE044000F54E97 /* SwiftUITutorial */ = {
			isa = PBXNativeTarget;
			buildConfigurationList = B222CF9328BE044100F54E97 /* Build configuration list for PBXNativeTarget "SwiftUITutorial" */;
			buildPhases = (
				B222CF6B28BE044000F54E97 /* Sources */,
				B222CF6C28BE044000F54E97 /* Frameworks */,
				B222CF6D28BE044000F54E97 /* Resources */,
			);
			buildRules = (
			);
			dependencies = (
			);
			name = SwiftUITutorial;
			packageProductDependencies = (
				B279864F2C80408400BA1BB5 /* ComposableArchitecture */,
			);
			productName = SwiftUITutorial;
			productReference = B222CF6F28BE044000F54E97 /* SwiftUITutorial.app */;
			productType = "com.apple.product-type.application";
		};
		B222CF7E28BE044100F54E97 /* SwiftUITutorialTests */ = {
			isa = PBXNativeTarget;
			buildConfigurationList = B222CF9628BE044100F54E97 /* Build configuration list for PBXNativeTarget "SwiftUITutorialTests" */;
			buildPhases = (
				B222CF7B28BE044100F54E97 /* Sources */,
				B222CF7C28BE044100F54E97 /* Frameworks */,
				B222CF7D28BE044100F54E97 /* Resources */,
			);
			buildRules = (
			);
			dependencies = (
				B222CF8128BE044100F54E97 /* PBXTargetDependency */,
			);
			name = SwiftUITutorialTests;
			productName = SwiftUITutorialTests;
			productReference = B222CF7F28BE044100F54E97 /* SwiftUITutorialTests.xctest */;
			productType = "com.apple.product-type.bundle.unit-test";
		};
		B222CF8828BE044100F54E97 /* SwiftUITutorialUITests */ = {
			isa = PBXNativeTarget;
			buildConfigurationList = B222CF9928BE044100F54E97 /* Build configuration list for PBXNativeTarget "SwiftUITutorialUITests" */;
			buildPhases = (
				B222CF8528BE044100F54E97 /* Sources */,
				B222CF8628BE044100F54E97 /* Frameworks */,
				B222CF8728BE044100F54E97 /* Resources */,
			);
			buildRules = (
			);
			dependencies = (
				B222CF8B28BE044100F54E97 /* PBXTargetDependency */,
			);
			name = SwiftUITutorialUITests;
			productName = SwiftUITutorialUITests;
			productReference = B222CF8928BE044100F54E97 /* SwiftUITutorialUITests.xctest */;
			productType = "com.apple.product-type.bundle.ui-testing";
		};
/* End PBXNativeTarget section */

/* Begin PBXProject section */
		B222CF6728BE044000F54E97 /* Project object */ = {
			isa = PBXProject;
			attributes = {
				BuildIndependentTargetsInParallel = 1;
				LastSwiftUpdateCheck = 1340;
				LastUpgradeCheck = 1340;
				TargetAttributes = {
					B222CF6E28BE044000F54E97 = {
						CreatedOnToolsVersion = 13.4.1;
					};
					B222CF7E28BE044100F54E97 = {
						CreatedOnToolsVersion = 13.4.1;
						TestTargetID = B222CF6E28BE044000F54E97;
					};
					B222CF8828BE044100F54E97 = {
						CreatedOnToolsVersion = 13.4.1;
						TestTargetID = B222CF6E28BE044000F54E97;
					};
				};
			};
			buildConfigurationList = B222CF6A28BE044000F54E97 /* Build configuration list for PBXProject "SwiftUITutorial" */;
			compatibilityVersion = "Xcode 13.0";
			developmentRegion = en;
			hasScannedForEncodings = 0;
			knownRegions = (
				en,
				Base,
			);
			mainGroup = B222CF6628BE044000F54E97;
			packageReferences = (
				B279864E2C80408400BA1BB5 /* XCRemoteSwiftPackageReference "swift-composable-architecture" */,
			);
			productRefGroup = B222CF7028BE044000F54E97 /* Products */;
			projectDirPath = "";
			projectRoot = "";
			targets = (
				B222CF6E28BE044000F54E97 /* SwiftUITutorial */,
				B222CF7E28BE044100F54E97 /* SwiftUITutorialTests */,
				B222CF8828BE044100F54E97 /* SwiftUITutorialUITests */,
			);
		};
/* End PBXProject section */

/* Begin PBXResourcesBuildPhase section */
		B222CF6D28BE044000F54E97 /* Resources */ = {
			isa = PBXResourcesBuildPhase;
			buildActionMask = 2147483647;
			files = (
				B222CF7A28BE044100F54E97 /* Preview Assets.xcassets in Resources */,
				B222CF7728BE044100F54E97 /* Assets.xcassets in Resources */,
			);
			runOnlyForDeploymentPostprocessing = 0;
		};
		B222CF7D28BE044100F54E97 /* Resources */ = {
			isa = PBXResourcesBuildPhase;
			buildActionMask = 2147483647;
			files = (
			);
			runOnlyForDeploymentPostprocessing = 0;
		};
		B222CF8728BE044100F54E97 /* Resources */ = {
			isa = PBXResourcesBuildPhase;
			buildActionMask = 2147483647;
			files = (
			);
			runOnlyForDeploymentPostprocessing = 0;
		};
/* End PBXResourcesBuildPhase section */

/* Begin PBXSourcesBuildPhase section */
		B222CF6B28BE044000F54E97 /* Sources */ = {
			isa = PBXSourcesBuildPhase;
			buildActionMask = 2147483647;
			files = (
				B279864D2C803D3200BA1BB5 /* CounterFeature.swift in Sources */,
				B222CF7528BE044000F54E97 /* ContentView.swift in Sources */,
				B222CF7328BE044000F54E97 /* SwiftUITutorialApp.swift in Sources */,
				B2DEC5E62C885F94000A21CF /* NumberFactClient.swift in Sources */,
				B2DEC5EE2C8AF44B000A21CF /* addContactFeature.swift in Sources */,
				B2DEC5E82C8950FE000A21CF /* AppFeature.swift in Sources */,
				B2DEC5EC2C8ADCAA000A21CF /* ContactsFeature.swift in Sources */,
			);
			runOnlyForDeploymentPostprocessing = 0;
		};
		B222CF7B28BE044100F54E97 /* Sources */ = {
			isa = PBXSourcesBuildPhase;
			buildActionMask = 2147483647;
			files = (
				B2DEC5A02C869EF0000A21CF /* CounterFeatureTests.swift in Sources */,
				B222CF8428BE044100F54E97 /* SwiftUITutorialTests.swift in Sources */,
				B2DEC5EA2C8953F1000A21CF /* AppFeatureTests.swift in Sources */,
			);
			runOnlyForDeploymentPostprocessing = 0;
		};
		B222CF8528BE044100F54E97 /* Sources */ = {
			isa = PBXSourcesBuildPhase;
			buildActionMask = 2147483647;
			files = (
				B222CF9028BE044100F54E97 /* SwiftUITutorialUITestsLaunchTests.swift in Sources */,
				B222CF8E28BE044100F54E97 /* SwiftUITutorialUITests.swift in Sources */,
			);
			runOnlyForDeploymentPostprocessing = 0;
		};
/* End PBXSourcesBuildPhase section */

/* Begin PBXTargetDependency section */
		B222CF8128BE044100F54E97 /* PBXTargetDependency */ = {
			isa = PBXTargetDependency;
			target = B222CF6E28BE044000F54E97 /* SwiftUITutorial */;
			targetProxy = B222CF8028BE044100F54E97 /* PBXContainerItemProxy */;
		};
		B222CF8B28BE044100F54E97 /* PBXTargetDependency */ = {
			isa = PBXTargetDependency;
			target = B222CF6E28BE044000F54E97 /* SwiftUITutorial */;
			targetProxy = B222CF8A28BE044100F54E97 /* PBXContainerItemProxy */;
		};
/* End PBXTargetDependency section */

/* Begin XCBuildConfiguration section */
		B222CF9128BE044100F54E97 /* Debug */ = {
			isa = XCBuildConfiguration;
			buildSettings = {
				ALWAYS_SEARCH_USER_PATHS = NO;
				CLANG_ANALYZER_NONNULL = YES;
				CLANG_ANALYZER_NUMBER_OBJECT_CONVERSION = YES_AGGRESSIVE;
				CLANG_CXX_LANGUAGE_STANDARD = "gnu++17";
				CLANG_ENABLE_MODULES = YES;
				CLANG_ENABLE_OBJC_ARC = YES;
				CLANG_ENABLE_OBJC_WEAK = YES;
				CLANG_WARN_BLOCK_CAPTURE_AUTORELEASING = YES;
				CLANG_WARN_BOOL_CONVERSION = YES;
				CLANG_WARN_COMMA = YES;
				CLANG_WARN_CONSTANT_CONVERSION = YES;
				CLANG_WARN_DEPRECATED_OBJC_IMPLEMENTATIONS = YES;
				CLANG_WARN_DIRECT_OBJC_ISA_USAGE = YES_ERROR;
				CLANG_WARN_DOCUMENTATION_COMMENTS = YES;
				CLANG_WARN_EMPTY_BODY = YES;
				CLANG_WARN_ENUM_CONVERSION = YES;
				CLANG_WARN_INFINITE_RECURSION = YES;
				CLANG_WARN_INT_CONVERSION = YES;
				CLANG_WARN_NON_LITERAL_NULL_CONVERSION = YES;
				CLANG_WARN_OBJC_IMPLICIT_RETAIN_SELF = YES;
				CLANG_WARN_OBJC_LITERAL_CONVERSION = YES;
				CLANG_WARN_OBJC_ROOT_CLASS = YES_ERROR;
				CLANG_WARN_QUOTED_INCLUDE_IN_FRAMEWORK_HEADER = YES;
				CLANG_WARN_RANGE_LOOP_ANALYSIS = YES;
				CLANG_WARN_STRICT_PROTOTYPES = YES;
				CLANG_WARN_SUSPICIOUS_MOVE = YES;
				CLANG_WARN_UNGUARDED_AVAILABILITY = YES_AGGRESSIVE;
				CLANG_WARN_UNREACHABLE_CODE = YES;
				CLANG_WARN__DUPLICATE_METHOD_MATCH = YES;
				COPY_PHASE_STRIP = NO;
				DEBUG_INFORMATION_FORMAT = dwarf;
				ENABLE_STRICT_OBJC_MSGSEND = YES;
				ENABLE_TESTABILITY = YES;
				GCC_C_LANGUAGE_STANDARD = gnu11;
				GCC_DYNAMIC_NO_PIC = NO;
				GCC_NO_COMMON_BLOCKS = YES;
				GCC_OPTIMIZATION_LEVEL = 0;
				GCC_PREPROCESSOR_DEFINITIONS = (
					"DEBUG=1",
					"$(inherited)",
				);
				GCC_WARN_64_TO_32_BIT_CONVERSION = YES;
				GCC_WARN_ABOUT_RETURN_TYPE = YES_ERROR;
				GCC_WARN_UNDECLARED_SELECTOR = YES;
				GCC_WARN_UNINITIALIZED_AUTOS = YES_AGGRESSIVE;
				GCC_WARN_UNUSED_FUNCTION = YES;
				GCC_WARN_UNUSED_VARIABLE = YES;
				IPHONEOS_DEPLOYMENT_TARGET = 16.0;
				MTL_ENABLE_DEBUG_INFO = INCLUDE_SOURCE;
				MTL_FAST_MATH = YES;
				ONLY_ACTIVE_ARCH = YES;
				SDKROOT = iphoneos;
				SWIFT_ACTIVE_COMPILATION_CONDITIONS = DEBUG;
				SWIFT_OPTIMIZATION_LEVEL = "-Onone";
			};
			name = Debug;
		};
		B222CF9228BE044100F54E97 /* Release */ = {
			isa = XCBuildConfiguration;
			buildSettings = {
				ALWAYS_SEARCH_USER_PATHS = NO;
				CLANG_ANALYZER_NONNULL = YES;
				CLANG_ANALYZER_NUMBER_OBJECT_CONVERSION = YES_AGGRESSIVE;
				CLANG_CXX_LANGUAGE_STANDARD = "gnu++17";
				CLANG_ENABLE_MODULES = YES;
				CLANG_ENABLE_OBJC_ARC = YES;
				CLANG_ENABLE_OBJC_WEAK = YES;
				CLANG_WARN_BLOCK_CAPTURE_AUTORELEASING = YES;
				CLANG_WARN_BOOL_CONVERSION = YES;
				CLANG_WARN_COMMA = YES;
				CLANG_WARN_CONSTANT_CONVERSION = YES;
				CLANG_WARN_DEPRECATED_OBJC_IMPLEMENTATIONS = YES;
				CLANG_WARN_DIRECT_OBJC_ISA_USAGE = YES_ERROR;
				CLANG_WARN_DOCUMENTATION_COMMENTS = YES;
				CLANG_WARN_EMPTY_BODY = YES;
				CLANG_WARN_ENUM_CONVERSION = YES;
				CLANG_WARN_INFINITE_RECURSION = YES;
				CLANG_WARN_INT_CONVERSION = YES;
				CLANG_WARN_NON_LITERAL_NULL_CONVERSION = YES;
				CLANG_WARN_OBJC_IMPLICIT_RETAIN_SELF = YES;
				CLANG_WARN_OBJC_LITERAL_CONVERSION = YES;
				CLANG_WARN_OBJC_ROOT_CLASS = YES_ERROR;
				CLANG_WARN_QUOTED_INCLUDE_IN_FRAMEWORK_HEADER = YES;
				CLANG_WARN_RANGE_LOOP_ANALYSIS = YES;
				CLANG_WARN_STRICT_PROTOTYPES = YES;
				CLANG_WARN_SUSPICIOUS_MOVE = YES;
				CLANG_WARN_UNGUARDED_AVAILABILITY = YES_AGGRESSIVE;
				CLANG_WARN_UNREACHABLE_CODE = YES;
				CLANG_WARN__DUPLICATE_METHOD_MATCH = YES;
				COPY_PHASE_STRIP = NO;
				DEBUG_INFORMATION_FORMAT = "dwarf-with-dsym";
				ENABLE_NS_ASSERTIONS = NO;
				ENABLE_STRICT_OBJC_MSGSEND = YES;
				GCC_C_LANGUAGE_STANDARD = gnu11;
				GCC_NO_COMMON_BLOCKS = YES;
				GCC_WARN_64_TO_32_BIT_CONVERSION = YES;
				GCC_WARN_ABOUT_RETURN_TYPE = YES_ERROR;
				GCC_WARN_UNDECLARED_SELECTOR = YES;
				GCC_WARN_UNINITIALIZED_AUTOS = YES_AGGRESSIVE;
				GCC_WARN_UNUSED_FUNCTION = YES;
				GCC_WARN_UNUSED_VARIABLE = YES;
				IPHONEOS_DEPLOYMENT_TARGET = 16.0;
				MTL_ENABLE_DEBUG_INFO = NO;
				MTL_FAST_MATH = YES;
				SDKROOT = iphoneos;
				SWIFT_COMPILATION_MODE = wholemodule;
				SWIFT_OPTIMIZATION_LEVEL = "-O";
				VALIDATE_PRODUCT = YES;
			};
			name = Release;
		};
		B222CF9428BE044100F54E97 /* Debug */ = {
			isa = XCBuildConfiguration;
			buildSettings = {
				ASSETCATALOG_COMPILER_APPICON_NAME = AppIcon;
				ASSETCATALOG_COMPILER_GLOBAL_ACCENT_COLOR_NAME = AccentColor;
				CODE_SIGN_STYLE = Automatic;
				CURRENT_PROJECT_VERSION = 1;
				DEVELOPMENT_ASSET_PATHS = "\"SwiftUITutorial/Preview Content\"";
				DEVELOPMENT_TEAM = Z58NYWGZT6;
				ENABLE_PREVIEWS = YES;
				GENERATE_INFOPLIST_FILE = YES;
				INFOPLIST_FILE = SwiftUITutorial/Info.plist;
				INFOPLIST_KEY_UIApplicationSceneManifest_Generation = YES;
				INFOPLIST_KEY_UIApplicationSupportsIndirectInputEvents = YES;
				INFOPLIST_KEY_UILaunchScreen_Generation = YES;
				INFOPLIST_KEY_UISupportedInterfaceOrientations_iPad = "UIInterfaceOrientationPortrait UIInterfaceOrientationPortraitUpsideDown UIInterfaceOrientationLandscapeLeft UIInterfaceOrientationLandscapeRight";
				INFOPLIST_KEY_UISupportedInterfaceOrientations_iPhone = "UIInterfaceOrientationPortrait UIInterfaceOrientationLandscapeLeft UIInterfaceOrientationLandscapeRight";
				LD_RUNPATH_SEARCH_PATHS = (
					"$(inherited)",
					"@executable_path/Frameworks",
				);
				MARKETING_VERSION = 1.0;
				PRODUCT_BUNDLE_IDENTIFIER = com.yongjin.SwiftUITutorial;
				PRODUCT_NAME = "$(TARGET_NAME)";
				SUPPORTED_PLATFORMS = "iphoneos iphonesimulator";
				SUPPORTS_MACCATALYST = NO;
				SUPPORTS_XR_DESIGNED_FOR_IPHONE_IPAD = NO;
				SWIFT_EMIT_LOC_STRINGS = YES;
				SWIFT_VERSION = 5.0;
				TARGETED_DEVICE_FAMILY = "1,2";
			};
			name = Debug;
		};
		B222CF9528BE044100F54E97 /* Release */ = {
			isa = XCBuildConfiguration;
			buildSettings = {
				ASSETCATALOG_COMPILER_APPICON_NAME = AppIcon;
				ASSETCATALOG_COMPILER_GLOBAL_ACCENT_COLOR_NAME = AccentColor;
				CODE_SIGN_STYLE = Automatic;
				CURRENT_PROJECT_VERSION = 1;
				DEVELOPMENT_ASSET_PATHS = "\"SwiftUITutorial/Preview Content\"";
				DEVELOPMENT_TEAM = Z58NYWGZT6;
				ENABLE_PREVIEWS = YES;
				GENERATE_INFOPLIST_FILE = YES;
				INFOPLIST_FILE = SwiftUITutorial/Info.plist;
				INFOPLIST_KEY_UIApplicationSceneManifest_Generation = YES;
				INFOPLIST_KEY_UIApplicationSupportsIndirectInputEvents = YES;
				INFOPLIST_KEY_UILaunchScreen_Generation = YES;
				INFOPLIST_KEY_UISupportedInterfaceOrientations_iPad = "UIInterfaceOrientationPortrait UIInterfaceOrientationPortraitUpsideDown UIInterfaceOrientationLandscapeLeft UIInterfaceOrientationLandscapeRight";
				INFOPLIST_KEY_UISupportedInterfaceOrientations_iPhone = "UIInterfaceOrientationPortrait UIInterfaceOrientationLandscapeLeft UIInterfaceOrientationLandscapeRight";
				LD_RUNPATH_SEARCH_PATHS = (
					"$(inherited)",
					"@executable_path/Frameworks",
				);
				MARKETING_VERSION = 1.0;
				PRODUCT_BUNDLE_IDENTIFIER = com.yongjin.SwiftUITutorial;
				PRODUCT_NAME = "$(TARGET_NAME)";
				SUPPORTED_PLATFORMS = "iphoneos iphonesimulator";
				SUPPORTS_MACCATALYST = NO;
				SUPPORTS_XR_DESIGNED_FOR_IPHONE_IPAD = NO;
				SWIFT_EMIT_LOC_STRINGS = YES;
				SWIFT_VERSION = 5.0;
				TARGETED_DEVICE_FAMILY = "1,2";
			};
			name = Release;
		};
		B222CF9728BE044100F54E97 /* Debug */ = {
			isa = XCBuildConfiguration;
			buildSettings = {
				ALWAYS_EMBED_SWIFT_STANDARD_LIBRARIES = YES;
				BUNDLE_LOADER = "$(TEST_HOST)";
				CODE_SIGN_STYLE = Automatic;
				CURRENT_PROJECT_VERSION = 1;
				DEVELOPMENT_TEAM = Z58NYWGZT6;
				GENERATE_INFOPLIST_FILE = YES;
				IPHONEOS_DEPLOYMENT_TARGET = 16.0;
				MARKETING_VERSION = 1.0;
				PRODUCT_BUNDLE_IDENTIFIER = com.yongjin.SwiftUITutorialTests;
				PRODUCT_NAME = "$(TARGET_NAME)";
				SWIFT_EMIT_LOC_STRINGS = NO;
				SWIFT_VERSION = 5.0;
				TARGETED_DEVICE_FAMILY = "1,2";
				TEST_HOST = "$(BUILT_PRODUCTS_DIR)/SwiftUITutorial.app/SwiftUITutorial";
			};
			name = Debug;
		};
		B222CF9828BE044100F54E97 /* Release */ = {
			isa = XCBuildConfiguration;
			buildSettings = {
				ALWAYS_EMBED_SWIFT_STANDARD_LIBRARIES = YES;
				BUNDLE_LOADER = "$(TEST_HOST)";
				CODE_SIGN_STYLE = Automatic;
				CURRENT_PROJECT_VERSION = 1;
				DEVELOPMENT_TEAM = Z58NYWGZT6;
				GENERATE_INFOPLIST_FILE = YES;
				IPHONEOS_DEPLOYMENT_TARGET = 16.0;
				MARKETING_VERSION = 1.0;
				PRODUCT_BUNDLE_IDENTIFIER = com.yongjin.SwiftUITutorialTests;
				PRODUCT_NAME = "$(TARGET_NAME)";
				SWIFT_EMIT_LOC_STRINGS = NO;
				SWIFT_VERSION = 5.0;
				TARGETED_DEVICE_FAMILY = "1,2";
				TEST_HOST = "$(BUILT_PRODUCTS_DIR)/SwiftUITutorial.app/SwiftUITutorial";
			};
			name = Release;
		};
		B222CF9A28BE044100F54E97 /* Debug */ = {
			isa = XCBuildConfiguration;
			buildSettings = {
				ALWAYS_EMBED_SWIFT_STANDARD_LIBRARIES = YES;
				CODE_SIGN_STYLE = Automatic;
				CURRENT_PROJECT_VERSION = 1;
				DEVELOPMENT_TEAM = Z58NYWGZT6;
				GENERATE_INFOPLIST_FILE = YES;
				MARKETING_VERSION = 1.0;
				PRODUCT_BUNDLE_IDENTIFIER = com.yongjin.SwiftUITutorialUITests;
				PRODUCT_NAME = "$(TARGET_NAME)";
				SWIFT_EMIT_LOC_STRINGS = NO;
				SWIFT_VERSION = 5.0;
				TARGETED_DEVICE_FAMILY = "1,2";
				TEST_TARGET_NAME = SwiftUITutorial;
			};
			name = Debug;
		};
		B222CF9B28BE044100F54E97 /* Release */ = {
			isa = XCBuildConfiguration;
			buildSettings = {
				ALWAYS_EMBED_SWIFT_STANDARD_LIBRARIES = YES;
				CODE_SIGN_STYLE = Automatic;
				CURRENT_PROJECT_VERSION = 1;
				DEVELOPMENT_TEAM = Z58NYWGZT6;
				GENERATE_INFOPLIST_FILE = YES;
				MARKETING_VERSION = 1.0;
				PRODUCT_BUNDLE_IDENTIFIER = com.yongjin.SwiftUITutorialUITests;
				PRODUCT_NAME = "$(TARGET_NAME)";
				SWIFT_EMIT_LOC_STRINGS = NO;
				SWIFT_VERSION = 5.0;
				TARGETED_DEVICE_FAMILY = "1,2";
				TEST_TARGET_NAME = SwiftUITutorial;
			};
			name = Release;
		};
/* End XCBuildConfiguration section */

/* Begin XCConfigurationList section */
		B222CF6A28BE044000F54E97 /* Build configuration list for PBXProject "SwiftUITutorial" */ = {
			isa = XCConfigurationList;
			buildConfigurations = (
				B222CF9128BE044100F54E97 /* Debug */,
				B222CF9228BE044100F54E97 /* Release */,
			);
			defaultConfigurationIsVisible = 0;
			defaultConfigurationName = Release;
		};
		B222CF9328BE044100F54E97 /* Build configuration list for PBXNativeTarget "SwiftUITutorial" */ = {
			isa = XCConfigurationList;
			buildConfigurations = (
				B222CF9428BE044100F54E97 /* Debug */,
				B222CF9528BE044100F54E97 /* Release */,
			);
			defaultConfigurationIsVisible = 0;
			defaultConfigurationName = Release;
		};
		B222CF9628BE044100F54E97 /* Build configuration list for PBXNativeTarget "SwiftUITutorialTests" */ = {
			isa = XCConfigurationList;
			buildConfigurations = (
				B222CF9728BE044100F54E97 /* Debug */,
				B222CF9828BE044100F54E97 /* Release */,
			);
			defaultConfigurationIsVisible = 0;
			defaultConfigurationName = Release;
		};
		B222CF9928BE044100F54E97 /* Build configuration list for PBXNativeTarget "SwiftUITutorialUITests" */ = {
			isa = XCConfigurationList;
			buildConfigurations = (
				B222CF9A28BE044100F54E97 /* Debug */,
				B222CF9B28BE044100F54E97 /* Release */,
			);
			defaultConfigurationIsVisible = 0;
			defaultConfigurationName = Release;
		};
/* End XCConfigurationList section */

/* Begin XCRemoteSwiftPackageReference section */
		B279864E2C80408400BA1BB5 /* XCRemoteSwiftPackageReference "swift-composable-architecture" */ = {
			isa = XCRemoteSwiftPackageReference;
			repositoryURL = "https://github.com/pointfreeco/swift-composable-architecture";
			requirement = {
				kind = upToNextMajorVersion;
				minimumVersion = 1.14.0;
			};
		};
/* End XCRemoteSwiftPackageReference section */

/* Begin XCSwiftPackageProductDependency section */
		B279864F2C80408400BA1BB5 /* ComposableArchitecture */ = {
			isa = XCSwiftPackageProductDependency;
			package = B279864E2C80408400BA1BB5 /* XCRemoteSwiftPackageReference "swift-composable-architecture" */;
			productName = ComposableArchitecture;
		};
/* End XCSwiftPackageProductDependency section */
	};
	rootObject = B222CF6728BE044000F54E97 /* Project object */;
}
